{
  "name": "@elasticswap/elasticswap",
  "version": "0.0.10",
  "lockfileVersion": 1,
  "requires": true,
  "dependencies": {
    "@ethersproject/abi": {
      "version": "5.6.0",
      "resolved": "https://registry.npmjs.org/@ethersproject/abi/-/abi-5.6.0.tgz",
      "integrity": "sha512-AhVByTwdXCc2YQ20v300w6KVHle9g2OFc28ZAFCPnJyEpkv1xKXjZcSTgWOlv1i+0dqlgF8RCF2Rn2KC1t+1Vg==",
      "requires": {
        "@ethersproject/address": "^5.6.0",
        "@ethersproject/bignumber": "^5.6.0",
        "@ethersproject/bytes": "^5.6.0",
        "@ethersproject/constants": "^5.6.0",
        "@ethersproject/hash": "^5.6.0",
        "@ethersproject/keccak256": "^5.6.0",
        "@ethersproject/logger": "^5.6.0",
        "@ethersproject/properties": "^5.6.0",
        "@ethersproject/strings": "^5.6.0"
      }
    },
    "@ethersproject/abstract-provider": {
      "version": "5.6.0",
      "resolved": "https://registry.npmjs.org/@ethersproject/abstract-provider/-/abstract-provider-5.6.0.tgz",
      "integrity": "sha512-oPMFlKLN+g+y7a79cLK3WiLcjWFnZQtXWgnLAbHZcN3s7L4v90UHpTOrLk+m3yr0gt+/h9STTM6zrr7PM8uoRw==",
      "requires": {
        "@ethersproject/bignumber": "^5.6.0",
        "@ethersproject/bytes": "^5.6.0",
        "@ethersproject/logger": "^5.6.0",
        "@ethersproject/networks": "^5.6.0",
        "@ethersproject/properties": "^5.6.0",
        "@ethersproject/transactions": "^5.6.0",
        "@ethersproject/web": "^5.6.0"
      }
    },
    "@ethersproject/abstract-signer": {
      "version": "5.6.0",
      "resolved": "https://registry.npmjs.org/@ethersproject/abstract-signer/-/abstract-signer-5.6.0.tgz",
      "integrity": "sha512-WOqnG0NJKtI8n0wWZPReHtaLkDByPL67tn4nBaDAhmVq8sjHTPbCdz4DRhVu/cfTOvfy9w3iq5QZ7BX7zw56BQ==",
      "requires": {
        "@ethersproject/abstract-provider": "^5.6.0",
        "@ethersproject/bignumber": "^5.6.0",
        "@ethersproject/bytes": "^5.6.0",
        "@ethersproject/logger": "^5.6.0",
        "@ethersproject/properties": "^5.6.0"
      }
    },
    "@ethersproject/address": {
      "version": "5.6.0",
      "resolved": "https://registry.npmjs.org/@ethersproject/address/-/address-5.6.0.tgz",
      "integrity": "sha512-6nvhYXjbXsHPS+30sHZ+U4VMagFC/9zAk6Gd/h3S21YW4+yfb0WfRtaAIZ4kfM4rrVwqiy284LP0GtL5HXGLxQ==",
      "requires": {
        "@ethersproject/bignumber": "^5.6.0",
        "@ethersproject/bytes": "^5.6.0",
        "@ethersproject/keccak256": "^5.6.0",
        "@ethersproject/logger": "^5.6.0",
        "@ethersproject/rlp": "^5.6.0"
      }
    },
    "@ethersproject/base64": {
      "version": "5.6.0",
      "resolved": "https://registry.npmjs.org/@ethersproject/base64/-/base64-5.6.0.tgz",
      "integrity": "sha512-2Neq8wxJ9xHxCF9TUgmKeSh9BXJ6OAxWfeGWvbauPh8FuHEjamgHilllx8KkSd5ErxyHIX7Xv3Fkcud2kY9ezw==",
      "requires": {
        "@ethersproject/bytes": "^5.6.0"
      }
    },
    "@ethersproject/bignumber": {
      "version": "5.6.0",
      "resolved": "https://registry.npmjs.org/@ethersproject/bignumber/-/bignumber-5.6.0.tgz",
      "integrity": "sha512-VziMaXIUHQlHJmkv1dlcd6GY2PmT0khtAqaMctCIDogxkrarMzA9L94KN1NeXqqOfFD6r0sJT3vCTOFSmZ07DA==",
      "requires": {
        "@ethersproject/bytes": "^5.6.0",
        "@ethersproject/logger": "^5.6.0",
        "bn.js": "^4.11.9"
      }
    },
    "@ethersproject/bytes": {
      "version": "5.6.0",
      "resolved": "https://registry.npmjs.org/@ethersproject/bytes/-/bytes-5.6.0.tgz",
      "integrity": "sha512-3hJPlYemb9V4VLfJF5BfN0+55vltPZSHU3QKUyP9M3Y2TcajbiRrz65UG+xVHOzBereB1b9mn7r12o177xgN7w==",
      "requires": {
        "@ethersproject/logger": "^5.6.0"
      }
    },
    "@ethersproject/constants": {
      "version": "5.6.0",
      "resolved": "https://registry.npmjs.org/@ethersproject/constants/-/constants-5.6.0.tgz",
      "integrity": "sha512-SrdaJx2bK0WQl23nSpV/b1aq293Lh0sUaZT/yYKPDKn4tlAbkH96SPJwIhwSwTsoQQZxuh1jnqsKwyymoiBdWA==",
      "requires": {
        "@ethersproject/bignumber": "^5.6.0"
      }
    },
    "@ethersproject/hash": {
      "version": "5.6.0",
      "resolved": "https://registry.npmjs.org/@ethersproject/hash/-/hash-5.6.0.tgz",
      "integrity": "sha512-fFd+k9gtczqlr0/BruWLAu7UAOas1uRRJvOR84uDf4lNZ+bTkGl366qvniUZHKtlqxBRU65MkOobkmvmpHU+jA==",
      "requires": {
        "@ethersproject/abstract-signer": "^5.6.0",
        "@ethersproject/address": "^5.6.0",
        "@ethersproject/bignumber": "^5.6.0",
        "@ethersproject/bytes": "^5.6.0",
        "@ethersproject/keccak256": "^5.6.0",
        "@ethersproject/logger": "^5.6.0",
        "@ethersproject/properties": "^5.6.0",
        "@ethersproject/strings": "^5.6.0"
      }
    },
    "@ethersproject/keccak256": {
      "version": "5.6.0",
      "resolved": "https://registry.npmjs.org/@ethersproject/keccak256/-/keccak256-5.6.0.tgz",
      "integrity": "sha512-tk56BJ96mdj/ksi7HWZVWGjCq0WVl/QvfhFQNeL8fxhBlGoP+L80uDCiQcpJPd+2XxkivS3lwRm3E0CXTfol0w==",
      "requires": {
        "@ethersproject/bytes": "^5.6.0",
        "js-sha3": "0.8.0"
      }
    },
    "@ethersproject/logger": {
      "version": "5.6.0",
      "resolved": "https://registry.npmjs.org/@ethersproject/logger/-/logger-5.6.0.tgz",
      "integrity": "sha512-BiBWllUROH9w+P21RzoxJKzqoqpkyM1pRnEKG69bulE9TSQD8SAIvTQqIMZmmCO8pUNkgLP1wndX1gKghSpBmg=="
    },
    "@ethersproject/networks": {
      "version": "5.6.0",
      "resolved": "https://registry.npmjs.org/@ethersproject/networks/-/networks-5.6.0.tgz",
      "integrity": "sha512-DaVzgyThzHgSDLuURhvkp4oviGoGe9iTZW4jMEORHDRCgSZ9K9THGFKqL+qGXqPAYLEgZTf5z2w56mRrPR1MjQ==",
      "requires": {
        "@ethersproject/logger": "^5.6.0"
      }
    },
    "@ethersproject/properties": {
      "version": "5.6.0",
      "resolved": "https://registry.npmjs.org/@ethersproject/properties/-/properties-5.6.0.tgz",
      "integrity": "sha512-szoOkHskajKePTJSZ46uHUWWkbv7TzP2ypdEK6jGMqJaEt2sb0jCgfBo0gH0m2HBpRixMuJ6TBRaQCF7a9DoCg==",
      "requires": {
        "@ethersproject/logger": "^5.6.0"
      }
    },
    "@ethersproject/rlp": {
      "version": "5.6.0",
      "resolved": "https://registry.npmjs.org/@ethersproject/rlp/-/rlp-5.6.0.tgz",
      "integrity": "sha512-dz9WR1xpcTL+9DtOT/aDO+YyxSSdO8YIS0jyZwHHSlAmnxA6cKU3TrTd4Xc/bHayctxTgGLYNuVVoiXE4tTq1g==",
      "requires": {
        "@ethersproject/bytes": "^5.6.0",
        "@ethersproject/logger": "^5.6.0"
      }
    },
    "@ethersproject/signing-key": {
      "version": "5.6.0",
      "resolved": "https://registry.npmjs.org/@ethersproject/signing-key/-/signing-key-5.6.0.tgz",
      "integrity": "sha512-S+njkhowmLeUu/r7ir8n78OUKx63kBdMCPssePS89So1TH4hZqnWFsThEd/GiXYp9qMxVrydf7KdM9MTGPFukA==",
      "requires": {
        "@ethersproject/bytes": "^5.6.0",
        "@ethersproject/logger": "^5.6.0",
        "@ethersproject/properties": "^5.6.0",
        "bn.js": "^4.11.9",
        "elliptic": "6.5.4",
        "hash.js": "1.1.7"
      }
    },
    "@ethersproject/strings": {
      "version": "5.6.0",
      "resolved": "https://registry.npmjs.org/@ethersproject/strings/-/strings-5.6.0.tgz",
      "integrity": "sha512-uv10vTtLTZqrJuqBZR862ZQjTIa724wGPWQqZrofaPI/kUsf53TBG0I0D+hQ1qyNtllbNzaW+PDPHHUI6/65Mg==",
      "requires": {
        "@ethersproject/bytes": "^5.6.0",
        "@ethersproject/constants": "^5.6.0",
        "@ethersproject/logger": "^5.6.0"
      }
    },
    "@ethersproject/transactions": {
      "version": "5.6.0",
      "resolved": "https://registry.npmjs.org/@ethersproject/transactions/-/transactions-5.6.0.tgz",
      "integrity": "sha512-4HX+VOhNjXHZyGzER6E/LVI2i6lf9ejYeWD6l4g50AdmimyuStKc39kvKf1bXWQMg7QNVh+uC7dYwtaZ02IXeg==",
      "requires": {
        "@ethersproject/address": "^5.6.0",
        "@ethersproject/bignumber": "^5.6.0",
        "@ethersproject/bytes": "^5.6.0",
        "@ethersproject/constants": "^5.6.0",
        "@ethersproject/keccak256": "^5.6.0",
        "@ethersproject/logger": "^5.6.0",
        "@ethersproject/properties": "^5.6.0",
        "@ethersproject/rlp": "^5.6.0",
        "@ethersproject/signing-key": "^5.6.0"
      }
    },
    "@ethersproject/web": {
      "version": "5.6.0",
      "resolved": "https://registry.npmjs.org/@ethersproject/web/-/web-5.6.0.tgz",
      "integrity": "sha512-G/XHj0hV1FxI2teHRfCGvfBUHFmU+YOSbCxlAMqJklxSa7QMiHFQfAxvwY2PFqgvdkxEKwRNr/eCjfAPEm2Ctg==",
      "requires": {
        "@ethersproject/base64": "^5.6.0",
        "@ethersproject/bytes": "^5.6.0",
        "@ethersproject/logger": "^5.6.0",
        "@ethersproject/properties": "^5.6.0",
        "@ethersproject/strings": "^5.6.0"
      }
    },
    "@nomiclabs/hardhat-etherscan": {
      "version": "3.0.3",
      "resolved": "https://registry.npmjs.org/@nomiclabs/hardhat-etherscan/-/hardhat-etherscan-3.0.3.tgz",
      "integrity": "sha512-OfNtUKc/ZwzivmZnnpwWREfaYncXteKHskn3yDnz+fPBZ6wfM4GR+d5RwjREzYFWE+o5iR9ruXhWw/8fejWM9g==",
      "requires": {
        "@ethersproject/abi": "^5.1.2",
        "@ethersproject/address": "^5.0.2",
        "cbor": "^5.0.2",
        "debug": "^4.1.1",
        "fs-extra": "^7.0.1",
        "semver": "^6.3.0",
        "undici": "^4.14.1"
      }
    },
    "bn.js": {
      "version": "4.12.0",
      "resolved": "https://registry.npmjs.org/bn.js/-/bn.js-4.12.0.tgz",
      "integrity": "sha512-c98Bf3tPniI+scsdk237ku1Dc3ujXQTSgyiPUDEOe7tRkhrqridvh8klBv0HCEso1OLOYcHuCv/cS6DNxKH+ZA=="
    },
    "brorand": {
      "version": "1.1.0",
      "resolved": "https://registry.npmjs.org/brorand/-/brorand-1.1.0.tgz",
      "integrity": "sha1-EsJe/kCkXjwyPrhnWgoM5XsiNx8="
    },
    "cbor": {
      "version": "5.2.0",
      "resolved": "https://registry.npmjs.org/cbor/-/cbor-5.2.0.tgz",
      "integrity": "sha512-5IMhi9e1QU76ppa5/ajP1BmMWZ2FHkhAhjeVKQ/EFCgYSEaeVaoGtL7cxJskf9oCCk+XjzaIdc3IuU/dbA/o2A==",
      "requires": {
        "bignumber.js": "^9.0.1",
        "nofilter": "^1.0.4"
      },
      "dependencies": {
        "bignumber.js": {
          "version": "9.0.2",
          "resolved": "https://registry.npmjs.org/bignumber.js/-/bignumber.js-9.0.2.tgz",
          "integrity": "sha512-GAcQvbpsM0pUb0zw1EI0KhQEZ+lRwR5fYaAp3vPOYuP7aDvGy6cVN6XHLauvF8SOga2y0dcLcjt3iQDTSEliyw=="
        }
      }
    },
    "debug": {
      "version": "4.3.4",
      "resolved": "https://registry.npmjs.org/debug/-/debug-4.3.4.tgz",
      "integrity": "sha512-PRWFHuSU3eDtQJPvnNY7Jcket1j0t5OuOsFzPPzsekD52Zl8qUfFIPEiswXqIvHWGVHOgX+7G/vCNNhehwxfkQ==",
      "requires": {
        "ms": "2.1.2"
      }
    },
    "elliptic": {
      "version": "6.5.4",
      "resolved": "https://registry.npmjs.org/elliptic/-/elliptic-6.5.4.tgz",
      "integrity": "sha512-iLhC6ULemrljPZb+QutR5TQGB+pdW6KGD5RSegS+8sorOZT+rdQFbsQFJgvN3eRqNALqJer4oQ16YvJHlU8hzQ==",
      "requires": {
        "bn.js": "^4.11.9",
        "brorand": "^1.1.0",
        "hash.js": "^1.0.0",
        "hmac-drbg": "^1.0.1",
        "inherits": "^2.0.4",
        "minimalistic-assert": "^1.0.1",
        "minimalistic-crypto-utils": "^1.0.1"
      }
    },
    "fs-extra": {
      "version": "7.0.1",
      "resolved": "https://registry.npmjs.org/fs-extra/-/fs-extra-7.0.1.tgz",
      "integrity": "sha512-YJDaCJZEnBmcbw13fvdAM9AwNOJwOzrE4pqMqBq5nFiEqXUqHwlK4B+3pUw6JNvfSPtX05xFHtYy/1ni01eGCw==",
      "requires": {
        "graceful-fs": "^4.1.2",
        "jsonfile": "^4.0.0",
        "universalify": "^0.1.0"
      }
    },
    "graceful-fs": {
      "version": "4.2.9",
      "resolved": "https://registry.npmjs.org/graceful-fs/-/graceful-fs-4.2.9.tgz",
      "integrity": "sha512-NtNxqUcXgpW2iMrfqSfR73Glt39K+BLwWsPs94yR63v45T0Wbej7eRmL5cWfwEgqXnmjQp3zaJTshdRW/qC2ZQ=="
    },
    "hash.js": {
      "version": "1.1.7",
      "resolved": "https://registry.npmjs.org/hash.js/-/hash.js-1.1.7.tgz",
      "integrity": "sha512-taOaskGt4z4SOANNseOviYDvjEJinIkRgmp7LbKP2YTTmVxWBl87s/uzK9r+44BclBSp2X7K1hqeNfz9JbBeXA==",
      "requires": {
        "inherits": "^2.0.3",
        "minimalistic-assert": "^1.0.1"
      }
    },
    "hmac-drbg": {
      "version": "1.0.1",
      "resolved": "https://registry.npmjs.org/hmac-drbg/-/hmac-drbg-1.0.1.tgz",
      "integrity": "sha1-0nRXAQJabHdabFRXk+1QL8DGSaE=",
      "requires": {
        "hash.js": "^1.0.3",
        "minimalistic-assert": "^1.0.0",
        "minimalistic-crypto-utils": "^1.0.1"
      }
    },
    "inherits": {
      "version": "2.0.4",
      "resolved": "https://registry.npmjs.org/inherits/-/inherits-2.0.4.tgz",
      "integrity": "sha512-k/vGaX4/Yla3WzyMCvTQOXYeIHvqOKtnqBduzTHpzpQZzAskKMhZ2K+EnBiSM9zGSoIFeMpXKxa4dYeZIQqewQ=="
    },
    "js-sha3": {
      "version": "0.8.0",
      "resolved": "https://registry.npmjs.org/js-sha3/-/js-sha3-0.8.0.tgz",
      "integrity": "sha512-gF1cRrHhIzNfToc802P800N8PpXS+evLLXfsVpowqmAFR9uwbi89WvXg2QspOmXL8QL86J4T1EpFu+yUkwJY3Q=="
    },
    "jsonfile": {
      "version": "4.0.0",
      "resolved": "https://registry.npmjs.org/jsonfile/-/jsonfile-4.0.0.tgz",
      "integrity": "sha1-h3Gq4HmbZAdrdmQPygWPnBDjPss=",
      "requires": {
        "graceful-fs": "^4.1.6"
      }
    },
    "minimalistic-assert": {
      "version": "1.0.1",
      "resolved": "https://registry.npmjs.org/minimalistic-assert/-/minimalistic-assert-1.0.1.tgz",
      "integrity": "sha512-UtJcAD4yEaGtjPezWuO9wC4nwUnVH/8/Im3yEHQP4b67cXlD/Qr9hdITCU1xDbSEXg2XKNaP8jsReV7vQd00/A=="
    },
    "minimalistic-crypto-utils": {
      "version": "1.0.1",
      "resolved": "https://registry.npmjs.org/minimalistic-crypto-utils/-/minimalistic-crypto-utils-1.0.1.tgz",
      "integrity": "sha1-9sAMHAsIIkblxNmd+4x8CDsrWCo="
    },
    "ms": {
      "version": "2.1.2",
      "resolved": "https://registry.npmjs.org/ms/-/ms-2.1.2.tgz",
      "integrity": "sha512-sGkPx+VjMtmA6MX27oA4FBFELFCZZ4S4XqeGOXCv68tT+jb3vk/RyaKWP0PTKyWtmLSM0b+adUTEvbs1PEaH2w=="
    },
    "nofilter": {
      "version": "1.0.4",
      "resolved": "https://registry.npmjs.org/nofilter/-/nofilter-1.0.4.tgz",
      "integrity": "sha512-N8lidFp+fCz+TD51+haYdbDGrcBWwuHX40F5+z0qkUjMJ5Tp+rdSuAkMJ9N9eoolDlEVTf6u5icM+cNKkKW2mA=="
    },
    "semver": {
      "version": "6.3.0",
      "resolved": "https://registry.npmjs.org/semver/-/semver-6.3.0.tgz",
      "integrity": "sha512-b39TBaTSfV6yBrapU89p5fKekE2m/NwnDocOVruQFS1/veMgdzuPcnOM34M6CwxW8jH/lxEa5rBoDeUwu5HHTw=="
    },
    "undici": {
      "version": "4.16.0",
      "resolved": "https://registry.npmjs.org/undici/-/undici-4.16.0.tgz",
      "integrity": "sha512-tkZSECUYi+/T1i4u+4+lwZmQgLXd4BLGlrc7KZPcLIW7Jpq99+Xpc30ONv7nS6F5UNOxp/HBZSSL9MafUrvJbw=="
    },
    "universalify": {
      "version": "0.1.2",
      "resolved": "https://registry.npmjs.org/universalify/-/universalify-0.1.2.tgz",
      "integrity": "sha512-rBJeI5CXAlmy1pV+617WB9J63U6XcazHHF2f2dbJix4XzpUF0RS3Zbj0FGIOCAva5P/d/GBOYaACQ1w+0azUkg=="
    }
  }
}
